
Microsoft Visual Studio Solution File, Format Version 12.00
# Visual Studio 14
VisualStudioVersion = 14.0.25420.1
MinimumVisualStudioVersion = 10.0.40219.1
Project("{2150E333-8FDC-42A3-9474-1A3956D46DE8}") = "WebUI", "WebUI", "{E42EEB6C-434D-41F4-B947-20ED7835B2BD}"
EndProject
Project("{FAE04EC0-301F-11D3-BF4B-00C04F79EFBC}") = "DMQA.Web", "DMQA.Web\DMQA.Web.csproj", "{72E08D3A-2C54-4106-9C2D-A68448B8C5FD}"
EndProject
Project("{2150E333-8FDC-42A3-9474-1A3956D46DE8}") = "BusinessLogic", "BusinessLogic", "{5133F744-A329-4F63-84C6-8183A1EA8B37}"
EndProject
Project("{FAE04EC0-301F-11D3-BF4B-00C04F79EFBC}") = "DMQA.DataService", "DMQA.DataService\DMQA.DataService.csproj", "{DF528973-0999-4668-9578-DD239CD64280}"
EndProject
Project("{2150E333-8FDC-42A3-9474-1A3956D46DE8}") = "DataTier", "DataTier", "{ED5F82E6-2AD9-4A62-A4B4-004931DC95CF}"
EndProject
Project("{FAE04EC0-301F-11D3-BF4B-00C04F79EFBC}") = "DMQA.Database", "DMQA.Database\DMQA.Database.csproj", "{3A7E70BD-CC96-4DE3-B6BF-963C92A639C2}"
EndProject
Project("{2150E333-8FDC-42A3-9474-1A3956D46DE8}") = "Infrastructure", "Infrastructure", "{3D580C58-A6E8-4FF1-854D-26C47F3D951B}"
EndProject
Project("{FAE04EC0-301F-11D3-BF4B-00C04F79EFBC}") = "DMQA.Infrastructure", "DMQA.Infrastructure\DMQA.Infrastructure.csproj", "{E859E5AC-C21D-49D0-8876-3536F5701026}"
EndProject
Global
	GlobalSection(SolutionConfigurationPlatforms) = preSolution
		Debug|Any CPU = Debug|Any CPU
		Release|Any CPU = Release|Any CPU
	EndGlobalSection
	GlobalSection(ProjectConfigurationPlatforms) = postSolution
		{72E08D3A-2C54-4106-9C2D-A68448B8C5FD}.Debug|Any CPU.ActiveCfg = Debug|Any CPU
		{72E08D3A-2C54-4106-9C2D-A68448B8C5FD}.Debug|Any CPU.Build.0 = Debug|Any CPU
		{72E08D3A-2C54-4106-9C2D-A68448B8C5FD}.Release|Any CPU.ActiveCfg = Release|Any CPU
		{72E08D3A-2C54-4106-9C2D-A68448B8C5FD}.Release|Any CPU.Build.0 = Release|Any CPU
		{DF528973-0999-4668-9578-DD239CD64280}.Debug|Any CPU.ActiveCfg = Debug|Any CPU
		{DF528973-0999-4668-9578-DD239CD64280}.Debug|Any CPU.Build.0 = Debug|Any CPU
		{DF528973-0999-4668-9578-DD239CD64280}.Release|Any CPU.ActiveCfg = Release|Any CPU
		{DF528973-0999-4668-9578-DD239CD64280}.Release|Any CPU.Build.0 = Release|Any CPU
		{3A7E70BD-CC96-4DE3-B6BF-963C92A639C2}.Debug|Any CPU.ActiveCfg = Debug|Any CPU
		{3A7E70BD-CC96-4DE3-B6BF-963C92A639C2}.Debug|Any CPU.Build.0 = Debug|Any CPU
		{3A7E70BD-CC96-4DE3-B6BF-963C92A639C2}.Release|Any CPU.ActiveCfg = Release|Any CPU
		{3A7E70BD-CC96-4DE3-B6BF-963C92A639C2}.Release|Any CPU.Build.0 = Release|Any CPU
		{E859E5AC-C21D-49D0-8876-3536F5701026}.Debug|Any CPU.ActiveCfg = Debug|Any CPU
		{E859E5AC-C21D-49D0-8876-3536F5701026}.Debug|Any CPU.Build.0 = Debug|Any CPU
		{E859E5AC-C21D-49D0-8876-3536F5701026}.Release|Any CPU.ActiveCfg = Release|Any CPU
		{E859E5AC-C21D-49D0-8876-3536F5701026}.Release|Any CPU.Build.0 = Release|Any CPU
	EndGlobalSection
	GlobalSection(SolutionProperties) = preSolution
		HideSolutionNode = FALSE
	EndGlobalSection
	GlobalSection(NestedProjects) = preSolution
		{72E08D3A-2C54-4106-9C2D-A68448B8C5FD} = {E42EEB6C-434D-41F4-B947-20ED7835B2BD}
		{DF528973-0999-4668-9578-DD239CD64280} = {5133F744-A329-4F63-84C6-8183A1EA8B37}
		{3A7E70BD-CC96-4DE3-B6BF-963C92A639C2} = {ED5F82E6-2AD9-4A62-A4B4-004931DC95CF}
		{E859E5AC-C21D-49D0-8876-3536F5701026} = {3D580C58-A6E8-4FF1-854D-26C47F3D951B}
	EndGlobalSection
EndGlobal
